<?xml version="1.0" encoding="utf-8"?>
<Project ToolsVersion="4.0" xmlns="http://schemas.microsoft.com/developer/msbuild/2003">
  <ItemGroup>
    <Filter Include="Source Files">
      <UniqueIdentifier>{4FC737F1-C7A5-4376-A066-2A32D752A2FF}</UniqueIdentifier>
      <Extensions>cpp;c;cc;cxx;c++;cppm;ixx;def;odl;idl;hpj;bat;asm;asmx</Extensions>
    </Filter>
    <Filter Include="Header Files">
      <UniqueIdentifier>{93995380-89BD-4b04-88EB-625FBE52EBFB}</UniqueIdentifier>
      <Extensions>h;hh;hpp;hxx;h++;hm;inl;inc;ipp;xsd</Extensions>
    </Filter>
    <Filter Include="Common">
      <UniqueIdentifier>{55e6b5f8-1b39-4f2d-be72-c53ff9f16a23}</UniqueIdentifier>
    </Filter>
    <Filter Include="Common\Input">
      <UniqueIdentifier>{7dbacadb-ab71-4dc1-b37c-436ae7efa572}</UniqueIdentifier>
    </Filter>
    <Filter Include="Common\Exceptions">
      <UniqueIdentifier>{5f8a8e64-c1d4-4c2f-a216-54a2095018b7}</UniqueIdentifier>
    </Filter>
    <Filter Include="Common\Util">
      <UniqueIdentifier>{f4f5f8b7-e8da-4207-a11f-f5bb1fe60bb2}</UniqueIdentifier>
    </Filter>
    <Filter Include="Common\Event">
      <UniqueIdentifier>{cff1d158-fa1e-4feb-bab7-ae3ea16e7dda}</UniqueIdentifier>
    </Filter>
    <Filter Include="Vendor">
      <UniqueIdentifier>{69847ec0-1a12-467f-b668-4f2bc5bb7dc4}</UniqueIdentifier>
    </Filter>
    <Filter Include="Vendor\Imgui">
      <UniqueIdentifier>{b8d6614a-6abe-43cc-8e40-b102cdf9d488}</UniqueIdentifier>
    </Filter>
    <Filter Include="Vendor\Imgui\header">
      <UniqueIdentifier>{14fd0021-01ae-4b75-8571-3edeb314cfa3}</UniqueIdentifier>
    </Filter>
    <Filter Include="Vendor\Imgui\src">
      <UniqueIdentifier>{950f0b02-bda2-4a44-96f3-d0cf5cbfb64b}</UniqueIdentifier>
    </Filter>
    <Filter Include="Common\Util\Logger">
      <UniqueIdentifier>{7c14b83c-322a-4311-8270-728c2f7f0e73}</UniqueIdentifier>
    </Filter>
    <Filter Include="Graphics">
      <UniqueIdentifier>{13c9f63f-2b55-4eae-a70b-09903494bab0}</UniqueIdentifier>
    </Filter>
    <Filter Include="Graphics\Engine">
      <UniqueIdentifier>{7bce7356-3e26-4e8b-81d8-e0cd3e160e88}</UniqueIdentifier>
    </Filter>
    <Filter Include="Graphics\Engine\Renderer">
      <UniqueIdentifier>{887ce76e-d500-46ca-825f-7bee7b9e229d}</UniqueIdentifier>
    </Filter>
    <Filter Include="Graphics\Engine\Renderer\Teqniques">
      <UniqueIdentifier>{0301f5bf-9dc7-45b9-a961-59e5c3016caa}</UniqueIdentifier>
    </Filter>
    <Filter Include="Graphics\Engine\Renderer\Pass">
      <UniqueIdentifier>{9174c499-e3c5-4b3a-97db-14a430ec107d}</UniqueIdentifier>
    </Filter>
    <Filter Include="Graphics\Engine\InfoManager">
      <UniqueIdentifier>{2c168c55-2d76-43ba-ae9b-557218ea1315}</UniqueIdentifier>
    </Filter>
    <Filter Include="Graphics\Shaders">
      <UniqueIdentifier>{4b3895ab-0a65-4bab-a7dd-5b227ad4301f}</UniqueIdentifier>
    </Filter>
    <Filter Include="Window">
      <UniqueIdentifier>{220582a5-63ee-4de2-8c26-d8226d1f5dab}</UniqueIdentifier>
    </Filter>
    <Filter Include="Application">
      <UniqueIdentifier>{d2ec8b4f-8eef-489f-9323-768fd2ab1f8c}</UniqueIdentifier>
    </Filter>
    <Filter Include="Graphics\Scene">
      <UniqueIdentifier>{2c9d9c54-82be-4105-aec2-f4845184074a}</UniqueIdentifier>
    </Filter>
    <Filter Include="Graphics\Engine\Config">
      <UniqueIdentifier>{25504280-07fa-4bb4-a9a9-e7b9be7cc6d7}</UniqueIdentifier>
    </Filter>
    <Filter Include="Graphics\UIControls">
      <UniqueIdentifier>{23ffe2dd-69fe-442a-aac1-1c20ad5bd0fe}</UniqueIdentifier>
    </Filter>
    <Filter Include="Vendor\ImFileDialog">
      <UniqueIdentifier>{8983cbad-88d6-4c92-8898-3f18a761178c}</UniqueIdentifier>
    </Filter>
    <Filter Include="Graphics\Scene\Entity">
      <UniqueIdentifier>{2e3ff21b-5fee-432a-955c-2a4ca2764b24}</UniqueIdentifier>
    </Filter>
    <Filter Include="Graphics\Scene\Entity\Drawable">
      <UniqueIdentifier>{3268f3ec-e743-4a6c-9f36-60189531b549}</UniqueIdentifier>
    </Filter>
    <Filter Include="Graphics\Scene\Entity\Drawable\Header">
      <UniqueIdentifier>{96298db3-d83d-42cb-af93-e0b5a95cd4f8}</UniqueIdentifier>
    </Filter>
    <Filter Include="Graphics\Scene\Entity\Drawable\Src">
      <UniqueIdentifier>{e240e9ed-37db-4837-894d-40fa2605f83a}</UniqueIdentifier>
    </Filter>
    <Filter Include="Graphics\Scene\Entity\Drawable\Bindable">
      <UniqueIdentifier>{a0a3505d-7ab1-428a-bfd1-96cad8297abd}</UniqueIdentifier>
    </Filter>
    <Filter Include="Graphics\Scene\Entity\Drawable\Bindable\Header">
      <UniqueIdentifier>{78b6027a-4499-4c06-bbe5-0e184bbc53e1}</UniqueIdentifier>
    </Filter>
    <Filter Include="Graphics\Scene\Entity\Drawable\Bindable\Src">
      <UniqueIdentifier>{3df49db1-fbc3-41c2-88d1-f823dfdc896d}</UniqueIdentifier>
    </Filter>
    <Filter Include="Graphics\Scene\Entity\Component">
      <UniqueIdentifier>{3fa5fbf3-a742-4d29-92fe-79dc5898e936}</UniqueIdentifier>
    </Filter>
    <Filter Include="Graphics\Scene\Entity\Component\Model">
      <UniqueIdentifier>{457d5086-08e7-4b7a-bbf3-0fa15e510636}</UniqueIdentifier>
    </Filter>
    <Filter Include="Graphics\Scene\Entity\Component\Model\Material">
      <UniqueIdentifier>{1eec2c9e-fe43-480d-8200-b4379fe33d40}</UniqueIdentifier>
    </Filter>
    <Filter Include="Graphics\Scene\Entity\Component\Model\Mesh">
      <UniqueIdentifier>{b74aa06c-070d-4524-859d-b40102764f81}</UniqueIdentifier>
    </Filter>
    <Filter Include="Graphics\Scene\Entity\Component\Model\Node">
      <UniqueIdentifier>{f2ff27aa-5f43-428b-8ffe-86a7556d984d}</UniqueIdentifier>
    </Filter>
    <Filter Include="Graphics\Scene\Entity\Component\Camera">
      <UniqueIdentifier>{ce2301e4-a0dd-41cd-adb7-b0a5d913aa6f}</UniqueIdentifier>
    </Filter>
    <Filter Include="Graphics\Scene\Entity\Component\Light">
      <UniqueIdentifier>{1d3ef4d2-5340-4fd5-a457-c38bf2357b69}</UniqueIdentifier>
    </Filter>
    <Filter Include="Graphics\Scene\Entity\Component\Transform">
      <UniqueIdentifier>{aef33014-2ff9-4a08-a9a4-56cf8dc1bd22}</UniqueIdentifier>
    </Filter>
    <Filter Include="Graphics\Scene\Entity\System">
      <UniqueIdentifier>{8729022e-4bb3-4eb4-bd59-a20ab10c7d9a}</UniqueIdentifier>
    </Filter>
    <Filter Include="Graphics\Engine\RenderTarget">
      <UniqueIdentifier>{2cfed6bb-640b-46b0-be9d-fd39a2d65c47}</UniqueIdentifier>
    </Filter>
    <Filter Include="Graphics\Engine\DepthStencil">
      <UniqueIdentifier>{9030b6d0-a6d6-471e-8ec8-6f913cb0ef2b}</UniqueIdentifier>
    </Filter>
  </ItemGroup>
  <ItemGroup>
    <ClInclude Include="Shader.h">
      <Filter>Graphics\Scene\Entity\Drawable\Bindable\Header</Filter>
    </ClInclude>
    <ClInclude Include="InputLayout.h">
      <Filter>Graphics\Scene\Entity\Drawable\Bindable\Header</Filter>
    </ClInclude>
    <ClInclude Include="iBindable.h">
      <Filter>Graphics\Scene\Entity\Drawable\Bindable\Header</Filter>
    </ClInclude>
    <ClInclude Include="Buffer.h">
      <Filter>Graphics\Scene\Entity\Drawable\Bindable\Header</Filter>
    </ClInclude>
    <ClInclude Include="Cube.h">
      <Filter>Graphics\Scene\Entity\Drawable\Header</Filter>
    </ClInclude>
    <ClInclude Include="Plane.h">
      <Filter>Graphics\Scene\Entity\Drawable\Header</Filter>
    </ClInclude>
    <ClInclude Include="Texture.h">
      <Filter>Graphics\Scene\Entity\Drawable\Bindable\Header</Filter>
    </ClInclude>
    <ClInclude Include="Sampler.h">
      <Filter>Graphics\Scene\Entity\Drawable\Bindable\Header</Filter>
    </ClInclude>
    <ClInclude Include="BindableManager.h">
      <Filter>Graphics\Scene\Entity\Drawable\Bindable\Header</Filter>
    </ClInclude>
    <ClInclude Include="Skybox.h">
      <Filter>Graphics\Scene\Entity\Drawable\Header</Filter>
    </ClInclude>
    <ClInclude Include="Rasterizer.h">
      <Filter>Graphics\Scene\Entity\Drawable\Bindable\Header</Filter>
    </ClInclude>
    <ClInclude Include="Drawable.h">
      <Filter>Graphics\Scene\Entity\Drawable\Header</Filter>
    </ClInclude>
    <ClInclude Include="logger.h">
      <Filter>Common\Util\Logger</Filter>
    </ClInclude>
    <ClInclude Include="Mouse.h">
      <Filter>Common\Input</Filter>
    </ClInclude>
    <ClInclude Include="Keyboard.h">
      <Filter>Common\Input</Filter>
    </ClInclude>
    <ClInclude Include="enexception.h">
      <Filter>Common\Exceptions</Filter>
    </ClInclude>
    <ClInclude Include="iHandle.h">
      <Filter>Common\Util</Filter>
    </ClInclude>
    <ClInclude Include="Event.h">
      <Filter>Common\Event</Filter>
    </ClInclude>
    <ClInclude Include="enWin.h">
      <Filter>Common\Util</Filter>
    </ClInclude>
    <ClInclude Include="Timer.h">
      <Filter>Common\Util</Filter>
    </ClInclude>
    <ClInclude Include="WindowsMessageMap.h">
      <Filter>Window</Filter>
    </ClInclude>
    <ClInclude Include="Window.h">
      <Filter>Window</Filter>
    </ClInclude>
    <ClInclude Include="Blend.h">
      <Filter>Graphics\Scene\Entity\Drawable\Bindable\Header</Filter>
    </ClInclude>
    <ClInclude Include="Stencil.h">
      <Filter>Graphics\Scene\Entity\Drawable\Bindable\Header</Filter>
    </ClInclude>
    <ClInclude Include="InfoManager.h">
      <Filter>Graphics\Engine\InfoManager</Filter>
    </ClInclude>
    <ClInclude Include="RecT.h">
      <Filter>Common\Util</Filter>
    </ClInclude>
    <ClInclude Include="enString.h">
      <Filter>Common\Util</Filter>
    </ClInclude>
    <ClInclude Include="entrypoint.h">
      <Filter>Common\Util</Filter>
    </ClInclude>
    <ClInclude Include="end3d11.h">
      <Filter>Common\Util</Filter>
    </ClInclude>
    <ClInclude Include="Mesh.h">
      <Filter>Graphics\Scene\Entity\Component\Model\Mesh</Filter>
    </ClInclude>
    <ClInclude Include="Model.h">
      <Filter>Graphics\Scene\Entity\Component\Model</Filter>
    </ClInclude>
    <ClInclude Include="Material.h">
      <Filter>Graphics\Scene\Entity\Component\Model\Material</Filter>
    </ClInclude>
    <ClInclude Include="vec.h">
      <Filter>Common\Util</Filter>
    </ClInclude>
    <ClInclude Include="Entity.h">
      <Filter>Graphics\Scene\Entity</Filter>
    </ClInclude>
    <ClInclude Include="Teapot.h">
      <Filter>Graphics\Scene\Entity\Drawable\Header</Filter>
    </ClInclude>
    <ClInclude Include="Controllable.h">
      <Filter>Common\Input</Filter>
    </ClInclude>
    <ClInclude Include="Primitive.h">
      <Filter>Graphics\Scene\Entity\Drawable\Header</Filter>
    </ClInclude>
    <ClInclude Include="enMath.h">
      <Filter>Common\Util</Filter>
    </ClInclude>
    <ClInclude Include="Vertex.h">
      <Filter>Graphics\Scene\Entity\Drawable\Bindable\Header</Filter>
    </ClInclude>
    <ClInclude Include="Behavior.h">
      <Filter>Graphics\Scene\Entity\Drawable\Header</Filter>
    </ClInclude>
    <ClInclude Include="Light.h">
      <Filter>Graphics\Scene\Entity\Component\Light</Filter>
    </ClInclude>
    <ClInclude Include="enBuffer.h">
      <Filter>Common\Util</Filter>
    </ClInclude>
    <ClInclude Include="textureflipload.h">
      <Filter>Graphics\Scene\Entity\Drawable\Bindable\Header</Filter>
    </ClInclude>
    <ClInclude Include="GfxResources.h">
      <Filter>Graphics\Engine</Filter>
    </ClInclude>
    <ClInclude Include="Graphics.h">
      <Filter>Graphics\Engine</Filter>
    </ClInclude>
    <ClInclude Include="Component.h">
      <Filter>Graphics\Scene\Entity\Component</Filter>
    </ClInclude>
    <ClInclude Include="RandomFactory.h">
      <Filter>Graphics\Scene\Entity\Drawable\Header</Filter>
    </ClInclude>
    <ClInclude Include="Camera.h">
      <Filter>Graphics\Scene\Entity\Component\Camera</Filter>
    </ClInclude>
    <ClInclude Include="Topology.h">
      <Filter>Graphics\Scene\Entity\Drawable\Bindable\Header</Filter>
    </ClInclude>
    <ClInclude Include="Renderer.h">
      <Filter>Graphics\Engine\Renderer</Filter>
    </ClInclude>
    <ClInclude Include="Job.h">
      <Filter>Graphics\Engine\Renderer\Teqniques</Filter>
    </ClInclude>
    <ClInclude Include="Step.h">
      <Filter>Graphics\Engine\Renderer\Teqniques</Filter>
    </ClInclude>
    <ClInclude Include="Teqnique.h">
      <Filter>Graphics\Engine\Renderer\Teqniques</Filter>
    </ClInclude>
    <ClInclude Include="Pass.h">
      <Filter>Graphics\Engine\Renderer\Pass</Filter>
    </ClInclude>
    <ClInclude Include="Node.h">
      <Filter>Graphics\Scene\Entity\Component\Model\Node</Filter>
    </ClInclude>
    <ClInclude Include="EnDX.h">
      <Filter>Header Files</Filter>
    </ClInclude>
    <ClInclude Include="Transform.h">
      <Filter>Graphics\Scene\Entity\Component\Transform</Filter>
    </ClInclude>
    <ClInclude Include="Scene.h">
      <Filter>Graphics\Scene</Filter>
    </ClInclude>
    <ClInclude Include="UIControlsI.h">
      <Filter>Graphics\UIControls</Filter>
    </ClInclude>
    <ClInclude Include="Vendor\imgui\imgui.h">
      <Filter>Vendor\Imgui</Filter>
    </ClInclude>
    <ClInclude Include="Vendor\imgui\imgui_impl_dx11.h">
      <Filter>Vendor\Imgui</Filter>
    </ClInclude>
    <ClInclude Include="Vendor\imgui\imgui_impl_win32.h">
      <Filter>Vendor\Imgui</Filter>
    </ClInclude>
    <ClInclude Include="Vendor\imgui\imconfig.h">
      <Filter>Vendor\Imgui</Filter>
    </ClInclude>
    <ClInclude Include="Vendor\imgui\imgui_internal.h">
      <Filter>Vendor\Imgui</Filter>
    </ClInclude>
    <ClInclude Include="Vendor\imgui\imstb_rectpack.h">
      <Filter>Vendor\Imgui</Filter>
    </ClInclude>
    <ClInclude Include="Vendor\imgui\imstb_textedit.h">
      <Filter>Vendor\Imgui</Filter>
    </ClInclude>
    <ClInclude Include="Vendor\imgui\imstb_truetype.h">
      <Filter>Vendor\Imgui</Filter>
    </ClInclude>
    <ClInclude Include="Config.h">
      <Filter>Graphics\Engine\Config</Filter>
    </ClInclude>
    <ClInclude Include="RenderTarget.h">
      <Filter>Graphics\Engine\RenderTarget</Filter>
    </ClInclude>
    <ClInclude Include="DepthStencil.h">
      <Filter>Graphics\Engine\DepthStencil</Filter>
    </ClInclude>
  </ItemGroup>
  <ItemGroup>
    <ClCompile Include="EnDX.cpp">
      <Filter>Source Files</Filter>
    </ClCompile>
    <ClCompile Include="InputLayout.cpp">
      <Filter>Graphics\Scene\Entity\Drawable\Bindable\Src</Filter>
    </ClCompile>
    <ClCompile Include="Bindable.cpp">
      <Filter>Graphics\Scene\Entity\Drawable\Bindable\Src</Filter>
    </ClCompile>
    <ClCompile Include="Buffer.cpp">
      <Filter>Graphics\Scene\Entity\Drawable\Bindable\Src</Filter>
    </ClCompile>
    <ClCompile Include="Plane.cpp">
      <Filter>Graphics\Scene\Entity\Drawable\Src</Filter>
    </ClCompile>
    <ClCompile Include="Shader.cpp">
      <Filter>Graphics\Scene\Entity\Drawable\Bindable\Src</Filter>
    </ClCompile>
    <ClCompile Include="Sampler.cpp">
      <Filter>Graphics\Scene\Entity\Drawable\Bindable\Src</Filter>
    </ClCompile>
    <ClCompile Include="Skybox.cpp">
      <Filter>Graphics\Scene\Entity\Drawable\Src</Filter>
    </ClCompile>
    <ClCompile Include="Rasterizer.cpp">
      <Filter>Graphics\Scene\Entity\Drawable\Bindable\Src</Filter>
    </ClCompile>
    <ClCompile Include="Drawable.cpp">
      <Filter>Graphics\Scene\Entity\Drawable\Src</Filter>
    </ClCompile>
    <ClCompile Include="logger.cpp">
      <Filter>Common\Util\Logger</Filter>
    </ClCompile>
    <ClCompile Include="Keyboard.cpp">
      <Filter>Common\Input</Filter>
    </ClCompile>
    <ClCompile Include="Mouse.cpp">
      <Filter>Common\Input</Filter>
    </ClCompile>
    <ClCompile Include="enexception.cpp">
      <Filter>Common\Exceptions</Filter>
    </ClCompile>
    <ClCompile Include="Window.cpp">
      <Filter>Window</Filter>
    </ClCompile>
    <ClCompile Include="WindowsMessageMap.cpp">
      <Filter>Window</Filter>
    </ClCompile>
    <ClCompile Include="Event.cpp">
      <Filter>Common\Event</Filter>
    </ClCompile>
    <ClCompile Include="Blend.cpp">
      <Filter>Graphics\Scene\Entity\Drawable\Bindable\Src</Filter>
    </ClCompile>
    <ClCompile Include="Stencil.cpp">
      <Filter>Graphics\Scene\Entity\Drawable\Bindable\Src</Filter>
    </ClCompile>
    <ClCompile Include="InfoManager.cpp">
      <Filter>Graphics\Engine\InfoManager</Filter>
    </ClCompile>
    <ClCompile Include="RecT.cpp">
      <Filter>Common\Util</Filter>
    </ClCompile>
    <ClCompile Include="Material.cpp">
      <Filter>Graphics\Scene\Entity\Component\Model\Material</Filter>
    </ClCompile>
    <ClCompile Include="Model.cpp">
      <Filter>Graphics\Scene\Entity\Component\Model</Filter>
    </ClCompile>
    <ClCompile Include="Mesh.cpp">
      <Filter>Graphics\Scene\Entity\Component\Model\Mesh</Filter>
    </ClCompile>
    <ClCompile Include="Controllable.cpp">
      <Filter>Common\Input</Filter>
    </ClCompile>
    <ClCompile Include="Entity.cpp">
      <Filter>Graphics\Scene\Entity</Filter>
    </ClCompile>
    <ClCompile Include="Primitive.cpp">
      <Filter>Graphics\Scene\Entity\Drawable\Src</Filter>
    </ClCompile>
    <ClCompile Include="Behavior.cpp">
      <Filter>Graphics\Scene\Entity\Drawable\Src</Filter>
    </ClCompile>
    <ClCompile Include="Light.cpp">
      <Filter>Graphics\Scene\Entity\Component\Light</Filter>
    </ClCompile>
    <ClCompile Include="enBuffer.cpp">
      <Filter>Common\Util</Filter>
    </ClCompile>
    <ClCompile Include="Texture.cpp">
      <Filter>Graphics\Scene\Entity\Drawable\Bindable\Src</Filter>
    </ClCompile>
    <ClCompile Include="GfxResources.cpp">
      <Filter>Graphics\Engine</Filter>
    </ClCompile>
    <ClCompile Include="Graphics.cpp">
      <Filter>Graphics\Engine</Filter>
    </ClCompile>
    <ClCompile Include="Component.cpp">
      <Filter>Graphics\Scene\Entity\Component</Filter>
    </ClCompile>
    <ClCompile Include="Camera.cpp">
      <Filter>Graphics\Scene\Entity\Component\Camera</Filter>
    </ClCompile>
    <ClCompile Include="Renderer.cpp">
      <Filter>Graphics\Engine\Renderer</Filter>
    </ClCompile>
    <ClCompile Include="Node.cpp">
      <Filter>Graphics\Scene\Entity\Component\Model\Node</Filter>
    </ClCompile>
    <ClCompile Include="Pass.cpp">
      <Filter>Graphics\Engine\Renderer\Pass</Filter>
    </ClCompile>
    <ClCompile Include="Transform.cpp">
      <Filter>Graphics\Scene\Entity\Component\Transform</Filter>
    </ClCompile>
    <ClCompile Include="Scene.cpp">
      <Filter>Graphics\Scene</Filter>
    </ClCompile>
    <ClCompile Include="UIControlsI.cpp">
      <Filter>Graphics\UIControls</Filter>
    </ClCompile>
    <ClCompile Include="Vendor\imgui\imgui.cpp">
      <Filter>Vendor\Imgui</Filter>
    </ClCompile>
    <ClCompile Include="Vendor\imgui\imgui_demo.cpp">
      <Filter>Vendor\Imgui</Filter>
    </ClCompile>
    <ClCompile Include="Vendor\imgui\imgui_draw.cpp">
      <Filter>Vendor\Imgui</Filter>
    </ClCompile>
    <ClCompile Include="Vendor\imgui\imgui_impl_dx11.cpp">
      <Filter>Vendor\Imgui</Filter>
    </ClCompile>
    <ClCompile Include="Vendor\imgui\imgui_impl_win32.cpp">
      <Filter>Vendor\Imgui</Filter>
    </ClCompile>
    <ClCompile Include="Vendor\imgui\imgui_widgets.cpp">
      <Filter>Vendor\Imgui</Filter>
    </ClCompile>
    <ClCompile Include="Teqnique.cpp">
      <Filter>Graphics\Engine\Renderer\Teqniques</Filter>
    </ClCompile>
    <ClCompile Include="Config.cpp">
      <Filter>Graphics\Engine\Config</Filter>
    </ClCompile>
    <ClCompile Include="RenderTarget.cpp">
      <Filter>Graphics\Engine\RenderTarget</Filter>
    </ClCompile>
    <ClCompile Include="DepthStencil.cpp">
      <Filter>Graphics\Engine\DepthStencil</Filter>
    </ClCompile>
  </ItemGroup>
  <ItemGroup>
    <FxCompile Include="VertexShader.hlsl">
      <Filter>Graphics\Shaders</Filter>
    </FxCompile>
    <FxCompile Include="PixelShader.hlsl">
      <Filter>Graphics\Shaders</Filter>
    </FxCompile>
    <FxCompile Include="VSPosTex.hlsl">
      <Filter>Graphics\Shaders</Filter>
    </FxCompile>
    <FxCompile Include="PSTexture.hlsl">
      <Filter>Graphics\Shaders</Filter>
    </FxCompile>
    <FxCompile Include="PSSkybox.hlsl">
      <Filter>Graphics\Shaders</Filter>
    </FxCompile>
    <FxCompile Include="VSSkybox.hlsl">
      <Filter>Graphics\Shaders</Filter>
    </FxCompile>
    <FxCompile Include="backPSPhong.hlsl">
      <Filter>Graphics\Shaders</Filter>
    </FxCompile>
    <FxCompile Include="PSPhong.hlsl">
      <Filter>Graphics\Shaders</Filter>
    </FxCompile>
    <FxCompile Include="PSUnlit.hlsl">
      <Filter>Graphics\Shaders</Filter>
    </FxCompile>
    <FxCompile Include="Test.hlsl">
      <Filter>Graphics\Shaders</Filter>
    </FxCompile>
  </ItemGroup>
  <ItemGroup>
    <None Include="packages.config" />
    <None Include="Structs.hlsli">
      <Filter>Graphics\Shaders</Filter>
    </None>
  </ItemGroup>
</Project>